
Microsoft Visual Studio Solution File, Format Version 12.00
Project("{FAE04EC0-301F-11D3-BF4B-00C04F79EFBC}") = "CalculadoraApi", "CalculadoraApi\CalculadoraApi.csproj", "{D45DB8C3-5850-415E-BF46-06EF9CF0D3E3}"
EndProject
Global
	GlobalSection(SolutionConfigurationPlatforms) = preSolution
		Debug|Any CPU = Debug|Any CPU
		Release|Any CPU = Release|Any CPU
	EndGlobalSection
	GlobalSection(ProjectConfigurationPlatforms) = postSolution
		{D45DB8C3-5850-415E-BF46-06EF9CF0D3E3}.Debug|Any CPU.ActiveCfg = Debug|Any CPU
		{D45DB8C3-5850-415E-BF46-06EF9CF0D3E3}.Debug|Any CPU.Build.0 = Debug|Any CPU
		{D45DB8C3-5850-415E-BF46-06EF9CF0D3E3}.Release|Any CPU.ActiveCfg = Release|Any CPU
		{D45DB8C3-5850-415E-BF46-06EF9CF0D3E3}.Release|Any CPU.Build.0 = Release|Any CPU
	EndGlobalSection
EndGlobal
